
Microsoft Visual Studio Solution File, Format Version 12.00
# Visual Studio Version 17
VisualStudioVersion = 17.7.34221.43
MinimumVisualStudioVersion = 10.0.40219.1
Project("{FAE04EC0-301F-11D3-BF4B-00C04F79EFBC}") = "Phase1Section5.6", "Phase1Section5.6\Phase1Section5.6.csproj", "{F97F816A-E097-426A-BD57-0C71DBFDF5EB}"
EndProject
Global
	GlobalSection(SolutionConfigurationPlatforms) = preSolution
		Debug|Any CPU = Debug|Any CPU
		Release|Any CPU = Release|Any CPU
	EndGlobalSection
	GlobalSection(ProjectConfigurationPlatforms) = postSolution
		{F97F816A-E097-426A-BD57-0C71DBFDF5EB}.Debug|Any CPU.ActiveCfg = Debug|Any CPU
		{F97F816A-E097-426A-BD57-0C71DBFDF5EB}.Debug|Any CPU.Build.0 = Debug|Any CPU
		{F97F816A-E097-426A-BD57-0C71DBFDF5EB}.Release|Any CPU.ActiveCfg = Release|Any CPU
		{F97F816A-E097-426A-BD57-0C71DBFDF5EB}.Release|Any CPU.Build.0 = Release|Any CPU
	EndGlobalSection
	GlobalSection(SolutionProperties) = preSolution
		HideSolutionNode = FALSE
	EndGlobalSection
	GlobalSection(ExtensibilityGlobals) = postSolution
		SolutionGuid = {8ED0BF03-DB28-4639-B20D-504802B32FBA}
	EndGlobalSection
EndGlobal
