
Microsoft Visual Studio Solution File, Format Version 12.00
# Visual Studio Version 17
VisualStudioVersion = 17.7.34221.43
MinimumVisualStudioVersion = 10.0.40219.1
Project("{FAE04EC0-301F-11D3-BF4B-00C04F79EFBC}") = "Phase1Section4.23", "Phase1Section4.23\Phase1Section4.23.csproj", "{83303269-4DCE-4B50-BE96-82EDCCE9A532}"
EndProject
Global
	GlobalSection(SolutionConfigurationPlatforms) = preSolution
		Debug|Any CPU = Debug|Any CPU
		Release|Any CPU = Release|Any CPU
	EndGlobalSection
	GlobalSection(ProjectConfigurationPlatforms) = postSolution
		{83303269-4DCE-4B50-BE96-82EDCCE9A532}.Debug|Any CPU.ActiveCfg = Debug|Any CPU
		{83303269-4DCE-4B50-BE96-82EDCCE9A532}.Debug|Any CPU.Build.0 = Debug|Any CPU
		{83303269-4DCE-4B50-BE96-82EDCCE9A532}.Release|Any CPU.ActiveCfg = Release|Any CPU
		{83303269-4DCE-4B50-BE96-82EDCCE9A532}.Release|Any CPU.Build.0 = Release|Any CPU
	EndGlobalSection
	GlobalSection(SolutionProperties) = preSolution
		HideSolutionNode = FALSE
	EndGlobalSection
	GlobalSection(ExtensibilityGlobals) = postSolution
		SolutionGuid = {2B24D219-43D8-4FCC-AC40-3EEADD0A19F4}
	EndGlobalSection
EndGlobal
