
Microsoft Visual Studio Solution File, Format Version 12.00
# Visual Studio Version 17
VisualStudioVersion = 17.7.34221.43
MinimumVisualStudioVersion = 10.0.40219.1
Project("{FAE04EC0-301F-11D3-BF4B-00C04F79EFBC}") = "Phase1Section4.4", "Phase1Section4.4\Phase1Section4.4.csproj", "{4A484697-9B99-4682-BCFD-17700080B5D3}"
EndProject
Global
	GlobalSection(SolutionConfigurationPlatforms) = preSolution
		Debug|Any CPU = Debug|Any CPU
		Release|Any CPU = Release|Any CPU
	EndGlobalSection
	GlobalSection(ProjectConfigurationPlatforms) = postSolution
		{4A484697-9B99-4682-BCFD-17700080B5D3}.Debug|Any CPU.ActiveCfg = Debug|Any CPU
		{4A484697-9B99-4682-BCFD-17700080B5D3}.Debug|Any CPU.Build.0 = Debug|Any CPU
		{4A484697-9B99-4682-BCFD-17700080B5D3}.Release|Any CPU.ActiveCfg = Release|Any CPU
		{4A484697-9B99-4682-BCFD-17700080B5D3}.Release|Any CPU.Build.0 = Release|Any CPU
	EndGlobalSection
	GlobalSection(SolutionProperties) = preSolution
		HideSolutionNode = FALSE
	EndGlobalSection
	GlobalSection(ExtensibilityGlobals) = postSolution
		SolutionGuid = {90B66AE8-CA45-488B-8D88-076D356A4402}
	EndGlobalSection
EndGlobal
