
Microsoft Visual Studio Solution File, Format Version 12.00
# Visual Studio Version 17
VisualStudioVersion = 17.7.34221.43
MinimumVisualStudioVersion = 10.0.40219.1
Project("{FAE04EC0-301F-11D3-BF4B-00C04F79EFBC}") = "Phase1Section4.31", "Phase1Section4.31\Phase1Section4.31.csproj", "{ADB06F84-6D75-4E14-AFF9-1DDF23BFA1C5}"
EndProject
Global
	GlobalSection(SolutionConfigurationPlatforms) = preSolution
		Debug|Any CPU = Debug|Any CPU
		Release|Any CPU = Release|Any CPU
	EndGlobalSection
	GlobalSection(ProjectConfigurationPlatforms) = postSolution
		{ADB06F84-6D75-4E14-AFF9-1DDF23BFA1C5}.Debug|Any CPU.ActiveCfg = Debug|Any CPU
		{ADB06F84-6D75-4E14-AFF9-1DDF23BFA1C5}.Debug|Any CPU.Build.0 = Debug|Any CPU
		{ADB06F84-6D75-4E14-AFF9-1DDF23BFA1C5}.Release|Any CPU.ActiveCfg = Release|Any CPU
		{ADB06F84-6D75-4E14-AFF9-1DDF23BFA1C5}.Release|Any CPU.Build.0 = Release|Any CPU
	EndGlobalSection
	GlobalSection(SolutionProperties) = preSolution
		HideSolutionNode = FALSE
	EndGlobalSection
	GlobalSection(ExtensibilityGlobals) = postSolution
		SolutionGuid = {C7F041C5-2164-4938-B29A-2B119FB8CA37}
	EndGlobalSection
EndGlobal
