
Microsoft Visual Studio Solution File, Format Version 12.00
# Visual Studio Version 17
VisualStudioVersion = 17.7.34221.43
MinimumVisualStudioVersion = 10.0.40219.1
Project("{FAE04EC0-301F-11D3-BF4B-00C04F79EFBC}") = "Phase1Section4.29", "Phase1Section4.29\Phase1Section4.29.csproj", "{3E2DDBE5-1171-479B-AF89-4EA924DEFD1A}"
EndProject
Global
	GlobalSection(SolutionConfigurationPlatforms) = preSolution
		Debug|Any CPU = Debug|Any CPU
		Release|Any CPU = Release|Any CPU
	EndGlobalSection
	GlobalSection(ProjectConfigurationPlatforms) = postSolution
		{3E2DDBE5-1171-479B-AF89-4EA924DEFD1A}.Debug|Any CPU.ActiveCfg = Debug|Any CPU
		{3E2DDBE5-1171-479B-AF89-4EA924DEFD1A}.Debug|Any CPU.Build.0 = Debug|Any CPU
		{3E2DDBE5-1171-479B-AF89-4EA924DEFD1A}.Release|Any CPU.ActiveCfg = Release|Any CPU
		{3E2DDBE5-1171-479B-AF89-4EA924DEFD1A}.Release|Any CPU.Build.0 = Release|Any CPU
	EndGlobalSection
	GlobalSection(SolutionProperties) = preSolution
		HideSolutionNode = FALSE
	EndGlobalSection
	GlobalSection(ExtensibilityGlobals) = postSolution
		SolutionGuid = {6CC08E23-8A1A-40AF-A6CC-83CFABA00391}
	EndGlobalSection
EndGlobal
