
Microsoft Visual Studio Solution File, Format Version 12.00
# Visual Studio Version 17
VisualStudioVersion = 17.7.34221.43
MinimumVisualStudioVersion = 10.0.40219.1
Project("{FAE04EC0-301F-11D3-BF4B-00C04F79EFBC}") = "Phase1Section4.25", "Phase1Section4.25\Phase1Section4.25.csproj", "{ADB32DEF-9B36-46EF-ABAA-E3F4ACBA1DBB}"
EndProject
Global
	GlobalSection(SolutionConfigurationPlatforms) = preSolution
		Debug|Any CPU = Debug|Any CPU
		Release|Any CPU = Release|Any CPU
	EndGlobalSection
	GlobalSection(ProjectConfigurationPlatforms) = postSolution
		{ADB32DEF-9B36-46EF-ABAA-E3F4ACBA1DBB}.Debug|Any CPU.ActiveCfg = Debug|Any CPU
		{ADB32DEF-9B36-46EF-ABAA-E3F4ACBA1DBB}.Debug|Any CPU.Build.0 = Debug|Any CPU
		{ADB32DEF-9B36-46EF-ABAA-E3F4ACBA1DBB}.Release|Any CPU.ActiveCfg = Release|Any CPU
		{ADB32DEF-9B36-46EF-ABAA-E3F4ACBA1DBB}.Release|Any CPU.Build.0 = Release|Any CPU
	EndGlobalSection
	GlobalSection(SolutionProperties) = preSolution
		HideSolutionNode = FALSE
	EndGlobalSection
	GlobalSection(ExtensibilityGlobals) = postSolution
		SolutionGuid = {3BAA7037-6B4F-4BBE-BCFB-D0AFA791307F}
	EndGlobalSection
EndGlobal
